
Microsoft Visual Studio Solution File, Format Version 12.00
# Visual Studio Version 17
VisualStudioVersion = 17.0.32112.339
MinimumVisualStudioVersion = 10.0.40219.1
Project("{8BC9CEB8-8B4A-11D0-8D11-00A0C91BC942}") = "Week 1", "Week 1\Week 1.vcxproj", "{3258084A-DC63-43B2-8318-47A49D0CDCAD}"
EndProject
Global
	GlobalSection(SolutionConfigurationPlatforms) = preSolution
		Debug|x64 = Debug|x64
		Debug|x86 = Debug|x86
		Release|x64 = Release|x64
		Release|x86 = Release|x86
	EndGlobalSection
	GlobalSection(ProjectConfigurationPlatforms) = postSolution
		{3258084A-DC63-43B2-8318-47A49D0CDCAD}.Debug|x64.ActiveCfg = Debug|x64
		{3258084A-DC63-43B2-8318-47A49D0CDCAD}.Debug|x64.Build.0 = Debug|x64
		{3258084A-DC63-43B2-8318-47A49D0CDCAD}.Debug|x86.ActiveCfg = Debug|Win32
		{3258084A-DC63-43B2-8318-47A49D0CDCAD}.Debug|x86.Build.0 = Debug|Win32
		{3258084A-DC63-43B2-8318-47A49D0CDCAD}.Release|x64.ActiveCfg = Release|x64
		{3258084A-DC63-43B2-8318-47A49D0CDCAD}.Release|x64.Build.0 = Release|x64
		{3258084A-DC63-43B2-8318-47A49D0CDCAD}.Release|x86.ActiveCfg = Release|Win32
		{3258084A-DC63-43B2-8318-47A49D0CDCAD}.Release|x86.Build.0 = Release|Win32
	EndGlobalSection
	GlobalSection(SolutionProperties) = preSolution
		HideSolutionNode = FALSE
	EndGlobalSection
	GlobalSection(ExtensibilityGlobals) = postSolution
		SolutionGuid = {4E7381C7-F94E-40F2-A0E0-5AD50B78D5FB}
	EndGlobalSection
EndGlobal
